
Microsoft Visual Studio Solution File, Format Version 12.00
# Visual Studio Version 17
VisualStudioVersion = 17.11.35431.28
MinimumVisualStudioVersion = 10.0.40219.1
Project("{FAE04EC0-301F-11D3-BF4B-00C04F79EFBC}") = "MVCWithLinq1", "MVCWithLinq1\MVCWithLinq1.csproj", "{2A44D357-301B-4AF7-9747-B83339EF6CE3}"
EndProject
Global
	GlobalSection(SolutionConfigurationPlatforms) = preSolution
		Debug|Any CPU = Debug|Any CPU
		Release|Any CPU = Release|Any CPU
	EndGlobalSection
	GlobalSection(ProjectConfigurationPlatforms) = postSolution
		{2A44D357-301B-4AF7-9747-B83339EF6CE3}.Debug|Any CPU.ActiveCfg = Debug|Any CPU
		{2A44D357-301B-4AF7-9747-B83339EF6CE3}.Debug|Any CPU.Build.0 = Debug|Any CPU
		{2A44D357-301B-4AF7-9747-B83339EF6CE3}.Release|Any CPU.ActiveCfg = Release|Any CPU
		{2A44D357-301B-4AF7-9747-B83339EF6CE3}.Release|Any CPU.Build.0 = Release|Any CPU
	EndGlobalSection
	GlobalSection(SolutionProperties) = preSolution
		HideSolutionNode = FALSE
	EndGlobalSection
	GlobalSection(ExtensibilityGlobals) = postSolution
		SolutionGuid = {DECB77A3-9FF9-4184-ACA0-C7B0548EB1DC}
	EndGlobalSection
EndGlobal
